
Microsoft Visual Studio Solution File, Format Version 12.00
# Visual Studio Version 17
VisualStudioVersion = 17.5.33627.172
MinimumVisualStudioVersion = 10.0.40219.1
Project("{FAE04EC0-301F-11D3-BF4B-00C04F79EFBC}") = "Oop_Fundamentals", "Oop_Fundamentals.csproj", "{835D61AE-C300-4AB7-A82D-5A93901547DE}"
EndProject
Global
	GlobalSection(SolutionConfigurationPlatforms) = preSolution
		Debug|Any CPU = Debug|Any CPU
		Release|Any CPU = Release|Any CPU
	EndGlobalSection
	GlobalSection(ProjectConfigurationPlatforms) = postSolution
		{835D61AE-C300-4AB7-A82D-5A93901547DE}.Debug|Any CPU.ActiveCfg = Debug|Any CPU
		{835D61AE-C300-4AB7-A82D-5A93901547DE}.Debug|Any CPU.Build.0 = Debug|Any CPU
		{835D61AE-C300-4AB7-A82D-5A93901547DE}.Release|Any CPU.ActiveCfg = Release|Any CPU
		{835D61AE-C300-4AB7-A82D-5A93901547DE}.Release|Any CPU.Build.0 = Release|Any CPU
	EndGlobalSection
	GlobalSection(SolutionProperties) = preSolution
		HideSolutionNode = FALSE
	EndGlobalSection
	GlobalSection(ExtensibilityGlobals) = postSolution
		SolutionGuid = {1FC70CD3-9D8D-49E6-A8E2-C050B7BD7CBD}
	EndGlobalSection
EndGlobal
